
Microsoft Visual Studio Solution File, Format Version 12.00
# Visual Studio 2012
Project("{FAE04EC0-301F-11D3-BF4B-00C04F79EFBC}") = "EmailClient", "EmailClient\EmailClient.csproj", "{B3E51B7B-F83E-4399-87AE-8B81BCF3A4AA}"
EndProject
Project("{2150E333-8FDC-42A3-9474-1A3956D46DE8}") = ".nuget", ".nuget", "{50C5C868-DF33-4D4B-B8F1-2E6B7F43E854}"
	ProjectSection(SolutionItems) = preProject
		.nuget\NuGet.Config = .nuget\NuGet.Config
		.nuget\NuGet.exe = .nuget\NuGet.exe
		.nuget\NuGet.targets = .nuget\NuGet.targets
	EndProjectSection
EndProject
Global
	GlobalSection(SolutionConfigurationPlatforms) = preSolution
		Debug|Any CPU = Debug|Any CPU
		Debug|x86 = Debug|x86
		Release|Any CPU = Release|Any CPU
		Release|x86 = Release|x86
	EndGlobalSection
	GlobalSection(ProjectConfigurationPlatforms) = postSolution
		{B3E51B7B-F83E-4399-87AE-8B81BCF3A4AA}.Debug|Any CPU.ActiveCfg = Debug|x86
		{B3E51B7B-F83E-4399-87AE-8B81BCF3A4AA}.Debug|Any CPU.Build.0 = Debug|x86
		{B3E51B7B-F83E-4399-87AE-8B81BCF3A4AA}.Debug|x86.ActiveCfg = Debug|x86
		{B3E51B7B-F83E-4399-87AE-8B81BCF3A4AA}.Debug|x86.Build.0 = Debug|x86
		{B3E51B7B-F83E-4399-87AE-8B81BCF3A4AA}.Release|Any CPU.ActiveCfg = Release|Any CPU
		{B3E51B7B-F83E-4399-87AE-8B81BCF3A4AA}.Release|Any CPU.Build.0 = Release|Any CPU
		{B3E51B7B-F83E-4399-87AE-8B81BCF3A4AA}.Release|x86.ActiveCfg = Release|x86
		{B3E51B7B-F83E-4399-87AE-8B81BCF3A4AA}.Release|x86.Build.0 = Release|x86
	EndGlobalSection
	GlobalSection(SolutionProperties) = preSolution
		HideSolutionNode = FALSE
	EndGlobalSection
EndGlobal
